
Microsoft Visual Studio Solution File, Format Version 12.00
# Visual Studio 14
VisualStudioVersion = 14.0.23107.0
MinimumVisualStudioVersion = 10.0.40219.1
Project("{8BB2217D-0F2D-49D1-97BC-3654ED321F3B}") = "ShoppingList.Web", "ShoppingList.Web\ShoppingList.Web.xproj", "{5AB75F34-B196-4B06-80E8-2F9C7E58C8CC}"
EndProject
Project("{FAE04EC0-301F-11D3-BF4B-00C04F79EFBC}") = "ShoppingList.EFModel", "ShoppingList.EFModel\ShoppingList.EFModel.csproj", "{D7D28EF5-C428-4DFD-B7EA-31A4D41224DC}"
EndProject
Project("{FAE04EC0-301F-11D3-BF4B-00C04F79EFBC}") = "ShoppingList.WebAPI", "ShoppingList.WebAPI\ShoppingList.WebAPI.csproj", "{8F59D105-A928-4646-BB2C-26E45F7C4130}"
EndProject
Project("{FAE04EC0-301F-11D3-BF4B-00C04F79EFBC}") = "ShoppingList.Domain", "ShoppingList.Business\ShoppingList.Domain.csproj", "{D754F60F-1F11-4750-87CA-42FEC0F83873}"
EndProject
Project("{FAE04EC0-301F-11D3-BF4B-00C04F79EFBC}") = "ShoppingList.Infrastructure", "ShopplingList.Infrastructure\ShoppingList.Infrastructure.csproj", "{F5A5086B-1AFC-4C4A-8E22-6100B9752050}"
EndProject
Global
	GlobalSection(SolutionConfigurationPlatforms) = preSolution
		Debug|Any CPU = Debug|Any CPU
		Release|Any CPU = Release|Any CPU
	EndGlobalSection
	GlobalSection(ProjectConfigurationPlatforms) = postSolution
		{5AB75F34-B196-4B06-80E8-2F9C7E58C8CC}.Debug|Any CPU.ActiveCfg = Debug|Any CPU
		{5AB75F34-B196-4B06-80E8-2F9C7E58C8CC}.Release|Any CPU.ActiveCfg = Release|Any CPU
		{5AB75F34-B196-4B06-80E8-2F9C7E58C8CC}.Release|Any CPU.Build.0 = Release|Any CPU
		{D7D28EF5-C428-4DFD-B7EA-31A4D41224DC}.Debug|Any CPU.ActiveCfg = Debug|Any CPU
		{D7D28EF5-C428-4DFD-B7EA-31A4D41224DC}.Debug|Any CPU.Build.0 = Debug|Any CPU
		{D7D28EF5-C428-4DFD-B7EA-31A4D41224DC}.Release|Any CPU.ActiveCfg = Release|Any CPU
		{D7D28EF5-C428-4DFD-B7EA-31A4D41224DC}.Release|Any CPU.Build.0 = Release|Any CPU
		{8F59D105-A928-4646-BB2C-26E45F7C4130}.Debug|Any CPU.ActiveCfg = Debug|Any CPU
		{8F59D105-A928-4646-BB2C-26E45F7C4130}.Debug|Any CPU.Build.0 = Debug|Any CPU
		{8F59D105-A928-4646-BB2C-26E45F7C4130}.Release|Any CPU.ActiveCfg = Release|Any CPU
		{8F59D105-A928-4646-BB2C-26E45F7C4130}.Release|Any CPU.Build.0 = Release|Any CPU
		{D754F60F-1F11-4750-87CA-42FEC0F83873}.Debug|Any CPU.ActiveCfg = Debug|Any CPU
		{D754F60F-1F11-4750-87CA-42FEC0F83873}.Debug|Any CPU.Build.0 = Debug|Any CPU
		{D754F60F-1F11-4750-87CA-42FEC0F83873}.Release|Any CPU.ActiveCfg = Release|Any CPU
		{D754F60F-1F11-4750-87CA-42FEC0F83873}.Release|Any CPU.Build.0 = Release|Any CPU
		{F5A5086B-1AFC-4C4A-8E22-6100B9752050}.Debug|Any CPU.ActiveCfg = Debug|Any CPU
		{F5A5086B-1AFC-4C4A-8E22-6100B9752050}.Debug|Any CPU.Build.0 = Debug|Any CPU
		{F5A5086B-1AFC-4C4A-8E22-6100B9752050}.Release|Any CPU.ActiveCfg = Release|Any CPU
		{F5A5086B-1AFC-4C4A-8E22-6100B9752050}.Release|Any CPU.Build.0 = Release|Any CPU
	EndGlobalSection
	GlobalSection(SolutionProperties) = preSolution
		HideSolutionNode = FALSE
	EndGlobalSection
EndGlobal
